
Microsoft Visual Studio Solution File, Format Version 12.00
Project("{FAE04EC0-301F-11D3-BF4B-00C04F79EFBC}") = "Class_1_Thread", "Class_1_Thread\Class_1_Thread.csproj", "{7D3848A1-A305-468D-9E82-B0C815E9BB9F}"
EndProject
Project("{FAE04EC0-301F-11D3-BF4B-00C04F79EFBC}") = "Class_2_ThreadPool", "Class_2_ThreadPool\Class_2_ThreadPool.csproj", "{3D16ECC5-DBF8-4FBA-9AB6-F4CFE55533FE}"
EndProject
Project("{FAE04EC0-301F-11D3-BF4B-00C04F79EFBC}") = "Class_3_Task", "Class_3_Task\Class_3_Task.csproj", "{76C64A3B-B799-475D-A368-7A863ED00A19}"
EndProject
Project("{FAE04EC0-301F-11D3-BF4B-00C04F79EFBC}") = "Class_4_Cache", "Class_4_Cache\Class_4_Cache.csproj", "{71493C96-DDEB-4CAB-A578-505B9FA1B5EA}"
EndProject
Project("{FAE04EC0-301F-11D3-BF4B-00C04F79EFBC}") = "Class_5_MemoryBarrier", "Class_5_MemoryBarrier\Class_5_MemoryBarrier.csproj", "{0CA0FA9D-65BC-44B8-BE0F-44B9B65D9916}"
EndProject
Project("{FAE04EC0-301F-11D3-BF4B-00C04F79EFBC}") = "Class_6_Interlocked", "Class_6_Interlocked\Class_6_Interlocked.csproj", "{31B52B74-858D-463A-9FFC-9BBCA38CB6D4}"
EndProject
Project("{FAE04EC0-301F-11D3-BF4B-00C04F79EFBC}") = "Class_7_Lock", "Class_7_Lock\Class_7_Lock.csproj", "{7D9024F9-D1B0-4D07-B3CA-1DE16B9A2D51}"
EndProject
Project("{FAE04EC0-301F-11D3-BF4B-00C04F79EFBC}") = "Class_8_DeadLock", "Class_8_DeadLock\Class_8_DeadLock.csproj", "{32A2AA30-021C-45AA-BC96-6965D8C7B464}"
EndProject
Project("{FAE04EC0-301F-11D3-BF4B-00C04F79EFBC}") = "Class_9_SpinLock", "Class_9_SpinLock\Class_9_SpinLock.csproj", "{C8482101-39E4-4A79-AE12-F405C7852434}"
EndProject
Project("{FAE04EC0-301F-11D3-BF4B-00C04F79EFBC}") = "Class_10_ContextSwitch", "Class_10_ContextSwitch\Class_10_ContextSwitch.csproj", "{3D0B201C-0339-4EF5-BE85-4EB11D45EE02}"
EndProject
Project("{FAE04EC0-301F-11D3-BF4B-00C04F79EFBC}") = "Class_11_AutoResetEvent", "Class_11_AutoResetEvent\Class_11_AutoResetEvent.csproj", "{D591B6CA-901E-4115-A6FF-AF9B9952E536}"
EndProject
Project("{FAE04EC0-301F-11D3-BF4B-00C04F79EFBC}") = "Class_12_ReaderWriterLock", "Class_12_ReaderWriterLock\Class_12_ReaderWriterLock.csproj", "{09AA4E85-E70C-497A-AA49-C42E76C573F2}"
EndProject
Project("{FAE04EC0-301F-11D3-BF4B-00C04F79EFBC}") = "Class_13_ThreadLocalStorage", "Class_13_ThreadLocalStorage\Class_13_ThreadLocalStorage.csproj", "{E76747BD-3784-4481-8C82-92036CA29F24}"
EndProject
Global
	GlobalSection(SolutionConfigurationPlatforms) = preSolution
		Debug|Any CPU = Debug|Any CPU
		Release|Any CPU = Release|Any CPU
	EndGlobalSection
	GlobalSection(ProjectConfigurationPlatforms) = postSolution
		{7D3848A1-A305-468D-9E82-B0C815E9BB9F}.Debug|Any CPU.ActiveCfg = Debug|Any CPU
		{7D3848A1-A305-468D-9E82-B0C815E9BB9F}.Debug|Any CPU.Build.0 = Debug|Any CPU
		{7D3848A1-A305-468D-9E82-B0C815E9BB9F}.Release|Any CPU.ActiveCfg = Release|Any CPU
		{7D3848A1-A305-468D-9E82-B0C815E9BB9F}.Release|Any CPU.Build.0 = Release|Any CPU
		{3D16ECC5-DBF8-4FBA-9AB6-F4CFE55533FE}.Debug|Any CPU.ActiveCfg = Debug|Any CPU
		{3D16ECC5-DBF8-4FBA-9AB6-F4CFE55533FE}.Debug|Any CPU.Build.0 = Debug|Any CPU
		{3D16ECC5-DBF8-4FBA-9AB6-F4CFE55533FE}.Release|Any CPU.ActiveCfg = Release|Any CPU
		{3D16ECC5-DBF8-4FBA-9AB6-F4CFE55533FE}.Release|Any CPU.Build.0 = Release|Any CPU
		{76C64A3B-B799-475D-A368-7A863ED00A19}.Debug|Any CPU.ActiveCfg = Debug|Any CPU
		{76C64A3B-B799-475D-A368-7A863ED00A19}.Debug|Any CPU.Build.0 = Debug|Any CPU
		{76C64A3B-B799-475D-A368-7A863ED00A19}.Release|Any CPU.ActiveCfg = Release|Any CPU
		{76C64A3B-B799-475D-A368-7A863ED00A19}.Release|Any CPU.Build.0 = Release|Any CPU
		{71493C96-DDEB-4CAB-A578-505B9FA1B5EA}.Debug|Any CPU.ActiveCfg = Debug|Any CPU
		{71493C96-DDEB-4CAB-A578-505B9FA1B5EA}.Debug|Any CPU.Build.0 = Debug|Any CPU
		{71493C96-DDEB-4CAB-A578-505B9FA1B5EA}.Release|Any CPU.ActiveCfg = Release|Any CPU
		{71493C96-DDEB-4CAB-A578-505B9FA1B5EA}.Release|Any CPU.Build.0 = Release|Any CPU
		{0CA0FA9D-65BC-44B8-BE0F-44B9B65D9916}.Debug|Any CPU.ActiveCfg = Debug|Any CPU
		{0CA0FA9D-65BC-44B8-BE0F-44B9B65D9916}.Debug|Any CPU.Build.0 = Debug|Any CPU
		{0CA0FA9D-65BC-44B8-BE0F-44B9B65D9916}.Release|Any CPU.ActiveCfg = Release|Any CPU
		{0CA0FA9D-65BC-44B8-BE0F-44B9B65D9916}.Release|Any CPU.Build.0 = Release|Any CPU
		{31B52B74-858D-463A-9FFC-9BBCA38CB6D4}.Debug|Any CPU.ActiveCfg = Debug|Any CPU
		{31B52B74-858D-463A-9FFC-9BBCA38CB6D4}.Debug|Any CPU.Build.0 = Debug|Any CPU
		{31B52B74-858D-463A-9FFC-9BBCA38CB6D4}.Release|Any CPU.ActiveCfg = Release|Any CPU
		{31B52B74-858D-463A-9FFC-9BBCA38CB6D4}.Release|Any CPU.Build.0 = Release|Any CPU
		{7D9024F9-D1B0-4D07-B3CA-1DE16B9A2D51}.Debug|Any CPU.ActiveCfg = Debug|Any CPU
		{7D9024F9-D1B0-4D07-B3CA-1DE16B9A2D51}.Debug|Any CPU.Build.0 = Debug|Any CPU
		{7D9024F9-D1B0-4D07-B3CA-1DE16B9A2D51}.Release|Any CPU.ActiveCfg = Release|Any CPU
		{7D9024F9-D1B0-4D07-B3CA-1DE16B9A2D51}.Release|Any CPU.Build.0 = Release|Any CPU
		{32A2AA30-021C-45AA-BC96-6965D8C7B464}.Debug|Any CPU.ActiveCfg = Debug|Any CPU
		{32A2AA30-021C-45AA-BC96-6965D8C7B464}.Debug|Any CPU.Build.0 = Debug|Any CPU
		{32A2AA30-021C-45AA-BC96-6965D8C7B464}.Release|Any CPU.ActiveCfg = Release|Any CPU
		{32A2AA30-021C-45AA-BC96-6965D8C7B464}.Release|Any CPU.Build.0 = Release|Any CPU
		{C8482101-39E4-4A79-AE12-F405C7852434}.Debug|Any CPU.ActiveCfg = Debug|Any CPU
		{C8482101-39E4-4A79-AE12-F405C7852434}.Debug|Any CPU.Build.0 = Debug|Any CPU
		{C8482101-39E4-4A79-AE12-F405C7852434}.Release|Any CPU.ActiveCfg = Release|Any CPU
		{C8482101-39E4-4A79-AE12-F405C7852434}.Release|Any CPU.Build.0 = Release|Any CPU
		{3D0B201C-0339-4EF5-BE85-4EB11D45EE02}.Debug|Any CPU.ActiveCfg = Debug|Any CPU
		{3D0B201C-0339-4EF5-BE85-4EB11D45EE02}.Debug|Any CPU.Build.0 = Debug|Any CPU
		{3D0B201C-0339-4EF5-BE85-4EB11D45EE02}.Release|Any CPU.ActiveCfg = Release|Any CPU
		{3D0B201C-0339-4EF5-BE85-4EB11D45EE02}.Release|Any CPU.Build.0 = Release|Any CPU
		{D591B6CA-901E-4115-A6FF-AF9B9952E536}.Debug|Any CPU.ActiveCfg = Debug|Any CPU
		{D591B6CA-901E-4115-A6FF-AF9B9952E536}.Debug|Any CPU.Build.0 = Debug|Any CPU
		{D591B6CA-901E-4115-A6FF-AF9B9952E536}.Release|Any CPU.ActiveCfg = Release|Any CPU
		{D591B6CA-901E-4115-A6FF-AF9B9952E536}.Release|Any CPU.Build.0 = Release|Any CPU
		{09AA4E85-E70C-497A-AA49-C42E76C573F2}.Debug|Any CPU.ActiveCfg = Debug|Any CPU
		{09AA4E85-E70C-497A-AA49-C42E76C573F2}.Debug|Any CPU.Build.0 = Debug|Any CPU
		{09AA4E85-E70C-497A-AA49-C42E76C573F2}.Release|Any CPU.ActiveCfg = Release|Any CPU
		{09AA4E85-E70C-497A-AA49-C42E76C573F2}.Release|Any CPU.Build.0 = Release|Any CPU
		{E76747BD-3784-4481-8C82-92036CA29F24}.Debug|Any CPU.ActiveCfg = Debug|Any CPU
		{E76747BD-3784-4481-8C82-92036CA29F24}.Debug|Any CPU.Build.0 = Debug|Any CPU
		{E76747BD-3784-4481-8C82-92036CA29F24}.Release|Any CPU.ActiveCfg = Release|Any CPU
		{E76747BD-3784-4481-8C82-92036CA29F24}.Release|Any CPU.Build.0 = Release|Any CPU
	EndGlobalSection
EndGlobal
